
Microsoft Visual Studio Solution File, Format Version 12.00
# Visual Studio Version 17
VisualStudioVersion = 17.0.31903.59
MinimumVisualStudioVersion = 10.0.40219.1
Project("{FAE04EC0-301F-11D3-BF4B-00C04F79EFBC}") = "WebApi", "WebApi.csproj", "{A958FA66-BA48-4BAE-A55C-569A4A5161EE}"
EndProject
Project("{E53339B2-1760-4266-BCC7-CA923CBCF16C}") = "docker-compose", "docker-compose.dcproj", "{FAEB996C-B9CF-42F9-BF5C-1EB505603BA6}"
EndProject
Global
	GlobalSection(SolutionConfigurationPlatforms) = preSolution
		Debug|Any CPU = Debug|Any CPU
		Release|Any CPU = Release|Any CPU
	EndGlobalSection
	GlobalSection(SolutionProperties) = preSolution
		HideSolutionNode = FALSE
	EndGlobalSection
	GlobalSection(ProjectConfigurationPlatforms) = postSolution
		{A958FA66-BA48-4BAE-A55C-569A4A5161EE}.Debug|Any CPU.ActiveCfg = Debug|Any CPU
		{A958FA66-BA48-4BAE-A55C-569A4A5161EE}.Debug|Any CPU.Build.0 = Debug|Any CPU
		{A958FA66-BA48-4BAE-A55C-569A4A5161EE}.Release|Any CPU.ActiveCfg = Release|Any CPU
		{A958FA66-BA48-4BAE-A55C-569A4A5161EE}.Release|Any CPU.Build.0 = Release|Any CPU
		{FAEB996C-B9CF-42F9-BF5C-1EB505603BA6}.Debug|Any CPU.ActiveCfg = Debug|Any CPU
		{FAEB996C-B9CF-42F9-BF5C-1EB505603BA6}.Debug|Any CPU.Build.0 = Debug|Any CPU
		{FAEB996C-B9CF-42F9-BF5C-1EB505603BA6}.Release|Any CPU.ActiveCfg = Release|Any CPU
		{FAEB996C-B9CF-42F9-BF5C-1EB505603BA6}.Release|Any CPU.Build.0 = Release|Any CPU
	EndGlobalSection
EndGlobal
